
Microsoft Visual Studio Solution File, Format Version 12.00
# Visual Studio Version 17
VisualStudioVersion = 17.0.31903.59
MinimumVisualStudioVersion = 10.0.40219.1
Project("{2150E333-8FDC-42A3-9474-1A3956D46DE8}") = "src", "src", "{827E0CD3-B72D-47B6-A68D-7590B98EB39B}"
EndProject
Project("{FAE04EC0-301F-11D3-BF4B-00C04F79EFBC}") = "AFK4.BuildingBlocks", "src\AFK4.BuildingBlocks\AFK4.BuildingBlocks.csproj", "{6D0F365C-23A7-4B1E-A877-2BC33A2CAB9B}"
EndProject
Project("{FAE04EC0-301F-11D3-BF4B-00C04F79EFBC}") = "AFK4.Shared.Contracts", "src\AFK4.Shared.Contracts\AFK4.Shared.Contracts.csproj", "{A2949C14-B3DB-4BB7-BDFA-606CCD5E994C}"
EndProject
Project("{FAE04EC0-301F-11D3-BF4B-00C04F79EFBC}") = "AFK4.Platform.Api", "src\AFK4.Platform.Api\AFK4.Platform.Api.csproj", "{3FA0A5E8-9C17-4A81-8DD6-CF6F01D74DD4}"
EndProject
Project("{FAE04EC0-301F-11D3-BF4B-00C04F79EFBC}") = "AFK4.Agent.Service", "src\AFK4.Agent.Service\AFK4.Agent.Service.csproj", "{5BF5772D-4774-4C3F-B353-ACD2E3F091F8}"
EndProject
Project("{FAE04EC0-301F-11D3-BF4B-00C04F79EFBC}") = "AFK4.Operator.App", "src\AFK4.Operator.App\AFK4.Operator.App.csproj", "{3CC1C52F-CCB0-4664-B88D-AC8524AE8C2A}"
EndProject
Project("{FAE04EC0-301F-11D3-BF4B-00C04F79EFBC}") = "AFK4.Player.Shell", "src\AFK4.Player.Shell\AFK4.Player.Shell.csproj", "{3BB1B233-5FA0-47E2-A589-51E706C650A3}"
EndProject
Project("{2150E333-8FDC-42A3-9474-1A3956D46DE8}") = "tests", "tests", "{0AB3BF05-4346-4AA6-1389-037BE0695223}"
EndProject
Project("{FAE04EC0-301F-11D3-BF4B-00C04F79EFBC}") = "AFK4.BuildingBlocks.Tests", "tests\AFK4.BuildingBlocks.Tests\AFK4.BuildingBlocks.Tests.csproj", "{71DB1473-E3F4-49D0-926F-0B54EA7C3C73}"
EndProject
Project("{FAE04EC0-301F-11D3-BF4B-00C04F79EFBC}") = "AFK4.Shared.Contracts.Tests", "tests\AFK4.Shared.Contracts.Tests\AFK4.Shared.Contracts.Tests.csproj", "{1DFD1C96-1FBA-41A8-AB29-42D21014749F}"
EndProject
Project("{FAE04EC0-301F-11D3-BF4B-00C04F79EFBC}") = "AFK4.Platform.Api.Tests", "tests\AFK4.Platform.Api.Tests\AFK4.Platform.Api.Tests.csproj", "{F2DF1400-07B2-4011-8851-7D1766A979BD}"
EndProject
Project("{FAE04EC0-301F-11D3-BF4B-00C04F79EFBC}") = "AFK4.Agent.Service.Tests", "tests\AFK4.Agent.Service.Tests\AFK4.Agent.Service.Tests.csproj", "{E104CB38-E858-4F43-9BCF-CFE749FAA97A}"
EndProject
Project("{FAE04EC0-301F-11D3-BF4B-00C04F79EFBC}") = "AFK4.Operator.App.Tests", "tests\AFK4.Operator.App.Tests\AFK4.Operator.App.Tests.csproj", "{1D5280E0-A26A-41F7-8463-D59FCCDD7361}"
EndProject
Project("{FAE04EC0-301F-11D3-BF4B-00C04F79EFBC}") = "AFK4.Player.Shell.Tests", "tests\AFK4.Player.Shell.Tests\AFK4.Player.Shell.Tests.csproj", "{9520710C-1403-4BC1-B79A-E08CA11F7A4B}"
EndProject
Project("{FAE04EC0-301F-11D3-BF4B-00C04F79EFBC}") = "AFK4.Update.Publisher", "src\AFK4.Update.Publisher\AFK4.Update.Publisher.csproj", "{A80ADC27-2C3D-4EA0-A8E5-B70979683678}"
EndProject
Project("{FAE04EC0-301F-11D3-BF4B-00C04F79EFBC}") = "AFK4.Update.Publisher.Tests", "tests\AFK4.Update.Publisher.Tests\AFK4.Update.Publisher.Tests.csproj", "{B3D585AF-FCE3-429B-BAEF-B7B5768D84AF}"
EndProject
Project("{FAE04EC0-301F-11D3-BF4B-00C04F79EFBC}") = "AFK4.GamingPc.Setup.Core", "src\AFK4.GamingPc.Setup.Core\AFK4.GamingPc.Setup.Core.csproj", "{F6C8C248-3B39-48A2-A779-0A957CAE06C6}"
EndProject
Project("{FAE04EC0-301F-11D3-BF4B-00C04F79EFBC}") = "AFK4.GamingPc.Setup", "src\AFK4.GamingPc.Setup\AFK4.GamingPc.Setup.csproj", "{FF5EA167-CE84-496E-8F29-04CDA8158266}"
EndProject
Project("{FAE04EC0-301F-11D3-BF4B-00C04F79EFBC}") = "AFK4.GamingPc.Setup.Tests", "tests\AFK4.GamingPc.Setup.Tests\AFK4.GamingPc.Setup.Tests.csproj", "{ECB65846-2D34-4421-9AF9-18F781AA7CA1}"
EndProject
Project("{FAE04EC0-301F-11D3-BF4B-00C04F79EFBC}") = "AFK4.Platform.DevSeed", "src\AFK4.Platform.DevSeed\AFK4.Platform.DevSeed.csproj", "{C1301991-E5A8-4608-898A-6E84D7821A24}"
EndProject
Project("{FAE04EC0-301F-11D3-BF4B-00C04F79EFBC}") = "AFK4.SetupWizard.Core", "src\AFK4.SetupWizard.Core\AFK4.SetupWizard.Core.csproj", "{86F3FAB0-966F-49FA-B9BF-F072A092C02A}"
EndProject
Project("{FAE04EC0-301F-11D3-BF4B-00C04F79EFBC}") = "AFK4.SetupWizard", "src\AFK4.SetupWizard\AFK4.SetupWizard.csproj", "{06475958-28C4-4B83-ABC8-D108612AF73E}"
EndProject
Project("{FAE04EC0-301F-11D3-BF4B-00C04F79EFBC}") = "AFK4.SetupWizard.Tests", "tests\AFK4.SetupWizard.Tests\AFK4.SetupWizard.Tests.csproj", "{E50B8437-7CFF-424F-A566-42243F82C792}"
EndProject
Project("{FAE04EC0-301F-11D3-BF4B-00C04F79EFBC}") = "AFK4.Localization", "src\AFK4.Localization\AFK4.Localization.csproj", "{50BA5DB5-A4DF-4CF0-A4FF-ABB011213A94}"
EndProject
Project("{FAE04EC0-301F-11D3-BF4B-00C04F79EFBC}") = "AFK4.Localization.Tests", "tests\AFK4.Localization.Tests\AFK4.Localization.Tests.csproj", "{D4768D58-7929-4143-8912-BAF6F8F7DEE4}"
EndProject
Project("{FAE04EC0-301F-11D3-BF4B-00C04F79EFBC}") = "AFK4.Localization.Wpf", "src\AFK4.Localization.Wpf\AFK4.Localization.Wpf.csproj", "{AF47BFB0-3E38-4811-BF69-0F4E1308BC72}"
EndProject
Global
	GlobalSection(SolutionConfigurationPlatforms) = preSolution
		Debug|Any CPU = Debug|Any CPU
		Debug|x64 = Debug|x64
		Debug|x86 = Debug|x86
		Release|Any CPU = Release|Any CPU
		Release|x64 = Release|x64
		Release|x86 = Release|x86
	EndGlobalSection
	GlobalSection(ProjectConfigurationPlatforms) = postSolution
		{6D0F365C-23A7-4B1E-A877-2BC33A2CAB9B}.Debug|Any CPU.ActiveCfg = Debug|Any CPU
		{6D0F365C-23A7-4B1E-A877-2BC33A2CAB9B}.Debug|Any CPU.Build.0 = Debug|Any CPU
		{6D0F365C-23A7-4B1E-A877-2BC33A2CAB9B}.Debug|x64.ActiveCfg = Debug|Any CPU
		{6D0F365C-23A7-4B1E-A877-2BC33A2CAB9B}.Debug|x64.Build.0 = Debug|Any CPU
		{6D0F365C-23A7-4B1E-A877-2BC33A2CAB9B}.Debug|x86.ActiveCfg = Debug|Any CPU
		{6D0F365C-23A7-4B1E-A877-2BC33A2CAB9B}.Debug|x86.Build.0 = Debug|Any CPU
		{6D0F365C-23A7-4B1E-A877-2BC33A2CAB9B}.Release|Any CPU.ActiveCfg = Release|Any CPU
		{6D0F365C-23A7-4B1E-A877-2BC33A2CAB9B}.Release|Any CPU.Build.0 = Release|Any CPU
		{6D0F365C-23A7-4B1E-A877-2BC33A2CAB9B}.Release|x64.ActiveCfg = Release|Any CPU
		{6D0F365C-23A7-4B1E-A877-2BC33A2CAB9B}.Release|x64.Build.0 = Release|Any CPU
		{6D0F365C-23A7-4B1E-A877-2BC33A2CAB9B}.Release|x86.ActiveCfg = Release|Any CPU
		{6D0F365C-23A7-4B1E-A877-2BC33A2CAB9B}.Release|x86.Build.0 = Release|Any CPU
		{A2949C14-B3DB-4BB7-BDFA-606CCD5E994C}.Debug|Any CPU.ActiveCfg = Debug|Any CPU
		{A2949C14-B3DB-4BB7-BDFA-606CCD5E994C}.Debug|Any CPU.Build.0 = Debug|Any CPU
		{A2949C14-B3DB-4BB7-BDFA-606CCD5E994C}.Debug|x64.ActiveCfg = Debug|Any CPU
		{A2949C14-B3DB-4BB7-BDFA-606CCD5E994C}.Debug|x64.Build.0 = Debug|Any CPU
		{A2949C14-B3DB-4BB7-BDFA-606CCD5E994C}.Debug|x86.ActiveCfg = Debug|Any CPU
		{A2949C14-B3DB-4BB7-BDFA-606CCD5E994C}.Debug|x86.Build.0 = Debug|Any CPU
		{A2949C14-B3DB-4BB7-BDFA-606CCD5E994C}.Release|Any CPU.ActiveCfg = Release|Any CPU
		{A2949C14-B3DB-4BB7-BDFA-606CCD5E994C}.Release|Any CPU.Build.0 = Release|Any CPU
		{A2949C14-B3DB-4BB7-BDFA-606CCD5E994C}.Release|x64.ActiveCfg = Release|Any CPU
		{A2949C14-B3DB-4BB7-BDFA-606CCD5E994C}.Release|x64.Build.0 = Release|Any CPU
		{A2949C14-B3DB-4BB7-BDFA-606CCD5E994C}.Release|x86.ActiveCfg = Release|Any CPU
		{A2949C14-B3DB-4BB7-BDFA-606CCD5E994C}.Release|x86.Build.0 = Release|Any CPU
		{3FA0A5E8-9C17-4A81-8DD6-CF6F01D74DD4}.Debug|Any CPU.ActiveCfg = Debug|Any CPU
		{3FA0A5E8-9C17-4A81-8DD6-CF6F01D74DD4}.Debug|Any CPU.Build.0 = Debug|Any CPU
		{3FA0A5E8-9C17-4A81-8DD6-CF6F01D74DD4}.Debug|x64.ActiveCfg = Debug|Any CPU
		{3FA0A5E8-9C17-4A81-8DD6-CF6F01D74DD4}.Debug|x64.Build.0 = Debug|Any CPU
		{3FA0A5E8-9C17-4A81-8DD6-CF6F01D74DD4}.Debug|x86.ActiveCfg = Debug|Any CPU
		{3FA0A5E8-9C17-4A81-8DD6-CF6F01D74DD4}.Debug|x86.Build.0 = Debug|Any CPU
		{3FA0A5E8-9C17-4A81-8DD6-CF6F01D74DD4}.Release|Any CPU.ActiveCfg = Release|Any CPU
		{3FA0A5E8-9C17-4A81-8DD6-CF6F01D74DD4}.Release|Any CPU.Build.0 = Release|Any CPU
		{3FA0A5E8-9C17-4A81-8DD6-CF6F01D74DD4}.Release|x64.ActiveCfg = Release|Any CPU
		{3FA0A5E8-9C17-4A81-8DD6-CF6F01D74DD4}.Release|x64.Build.0 = Release|Any CPU
		{3FA0A5E8-9C17-4A81-8DD6-CF6F01D74DD4}.Release|x86.ActiveCfg = Release|Any CPU
		{3FA0A5E8-9C17-4A81-8DD6-CF6F01D74DD4}.Release|x86.Build.0 = Release|Any CPU
		{5BF5772D-4774-4C3F-B353-ACD2E3F091F8}.Debug|Any CPU.ActiveCfg = Debug|Any CPU
		{5BF5772D-4774-4C3F-B353-ACD2E3F091F8}.Debug|Any CPU.Build.0 = Debug|Any CPU
		{5BF5772D-4774-4C3F-B353-ACD2E3F091F8}.Debug|x64.ActiveCfg = Debug|Any CPU
		{5BF5772D-4774-4C3F-B353-ACD2E3F091F8}.Debug|x64.Build.0 = Debug|Any CPU
		{5BF5772D-4774-4C3F-B353-ACD2E3F091F8}.Debug|x86.ActiveCfg = Debug|Any CPU
		{5BF5772D-4774-4C3F-B353-ACD2E3F091F8}.Debug|x86.Build.0 = Debug|Any CPU
		{5BF5772D-4774-4C3F-B353-ACD2E3F091F8}.Release|Any CPU.ActiveCfg = Release|Any CPU
		{5BF5772D-4774-4C3F-B353-ACD2E3F091F8}.Release|Any CPU.Build.0 = Release|Any CPU
		{5BF5772D-4774-4C3F-B353-ACD2E3F091F8}.Release|x64.ActiveCfg = Release|Any CPU
		{5BF5772D-4774-4C3F-B353-ACD2E3F091F8}.Release|x64.Build.0 = Release|Any CPU
		{5BF5772D-4774-4C3F-B353-ACD2E3F091F8}.Release|x86.ActiveCfg = Release|Any CPU
		{5BF5772D-4774-4C3F-B353-ACD2E3F091F8}.Release|x86.Build.0 = Release|Any CPU
		{3CC1C52F-CCB0-4664-B88D-AC8524AE8C2A}.Debug|Any CPU.ActiveCfg = Debug|Any CPU
		{3CC1C52F-CCB0-4664-B88D-AC8524AE8C2A}.Debug|Any CPU.Build.0 = Debug|Any CPU
		{3CC1C52F-CCB0-4664-B88D-AC8524AE8C2A}.Debug|x64.ActiveCfg = Debug|Any CPU
		{3CC1C52F-CCB0-4664-B88D-AC8524AE8C2A}.Debug|x64.Build.0 = Debug|Any CPU
		{3CC1C52F-CCB0-4664-B88D-AC8524AE8C2A}.Debug|x86.ActiveCfg = Debug|Any CPU
		{3CC1C52F-CCB0-4664-B88D-AC8524AE8C2A}.Debug|x86.Build.0 = Debug|Any CPU
		{3CC1C52F-CCB0-4664-B88D-AC8524AE8C2A}.Release|Any CPU.ActiveCfg = Release|Any CPU
		{3CC1C52F-CCB0-4664-B88D-AC8524AE8C2A}.Release|Any CPU.Build.0 = Release|Any CPU
		{3CC1C52F-CCB0-4664-B88D-AC8524AE8C2A}.Release|x64.ActiveCfg = Release|Any CPU
		{3CC1C52F-CCB0-4664-B88D-AC8524AE8C2A}.Release|x64.Build.0 = Release|Any CPU
		{3CC1C52F-CCB0-4664-B88D-AC8524AE8C2A}.Release|x86.ActiveCfg = Release|Any CPU
		{3CC1C52F-CCB0-4664-B88D-AC8524AE8C2A}.Release|x86.Build.0 = Release|Any CPU
		{3BB1B233-5FA0-47E2-A589-51E706C650A3}.Debug|Any CPU.ActiveCfg = Debug|Any CPU
		{3BB1B233-5FA0-47E2-A589-51E706C650A3}.Debug|Any CPU.Build.0 = Debug|Any CPU
		{3BB1B233-5FA0-47E2-A589-51E706C650A3}.Debug|x64.ActiveCfg = Debug|Any CPU
		{3BB1B233-5FA0-47E2-A589-51E706C650A3}.Debug|x64.Build.0 = Debug|Any CPU
		{3BB1B233-5FA0-47E2-A589-51E706C650A3}.Debug|x86.ActiveCfg = Debug|Any CPU
		{3BB1B233-5FA0-47E2-A589-51E706C650A3}.Debug|x86.Build.0 = Debug|Any CPU
		{3BB1B233-5FA0-47E2-A589-51E706C650A3}.Release|Any CPU.ActiveCfg = Release|Any CPU
		{3BB1B233-5FA0-47E2-A589-51E706C650A3}.Release|Any CPU.Build.0 = Release|Any CPU
		{3BB1B233-5FA0-47E2-A589-51E706C650A3}.Release|x64.ActiveCfg = Release|Any CPU
		{3BB1B233-5FA0-47E2-A589-51E706C650A3}.Release|x64.Build.0 = Release|Any CPU
		{3BB1B233-5FA0-47E2-A589-51E706C650A3}.Release|x86.ActiveCfg = Release|Any CPU
		{3BB1B233-5FA0-47E2-A589-51E706C650A3}.Release|x86.Build.0 = Release|Any CPU
		{71DB1473-E3F4-49D0-926F-0B54EA7C3C73}.Debug|Any CPU.ActiveCfg = Debug|Any CPU
		{71DB1473-E3F4-49D0-926F-0B54EA7C3C73}.Debug|Any CPU.Build.0 = Debug|Any CPU
		{71DB1473-E3F4-49D0-926F-0B54EA7C3C73}.Debug|x64.ActiveCfg = Debug|Any CPU
		{71DB1473-E3F4-49D0-926F-0B54EA7C3C73}.Debug|x64.Build.0 = Debug|Any CPU
		{71DB1473-E3F4-49D0-926F-0B54EA7C3C73}.Debug|x86.ActiveCfg = Debug|Any CPU
		{71DB1473-E3F4-49D0-926F-0B54EA7C3C73}.Debug|x86.Build.0 = Debug|Any CPU
		{71DB1473-E3F4-49D0-926F-0B54EA7C3C73}.Release|Any CPU.ActiveCfg = Release|Any CPU
		{71DB1473-E3F4-49D0-926F-0B54EA7C3C73}.Release|Any CPU.Build.0 = Release|Any CPU
		{71DB1473-E3F4-49D0-926F-0B54EA7C3C73}.Release|x64.ActiveCfg = Release|Any CPU
		{71DB1473-E3F4-49D0-926F-0B54EA7C3C73}.Release|x64.Build.0 = Release|Any CPU
		{71DB1473-E3F4-49D0-926F-0B54EA7C3C73}.Release|x86.ActiveCfg = Release|Any CPU
		{71DB1473-E3F4-49D0-926F-0B54EA7C3C73}.Release|x86.Build.0 = Release|Any CPU
		{1DFD1C96-1FBA-41A8-AB29-42D21014749F}.Debug|Any CPU.ActiveCfg = Debug|Any CPU
		{1DFD1C96-1FBA-41A8-AB29-42D21014749F}.Debug|Any CPU.Build.0 = Debug|Any CPU
		{1DFD1C96-1FBA-41A8-AB29-42D21014749F}.Debug|x64.ActiveCfg = Debug|Any CPU
		{1DFD1C96-1FBA-41A8-AB29-42D21014749F}.Debug|x64.Build.0 = Debug|Any CPU
		{1DFD1C96-1FBA-41A8-AB29-42D21014749F}.Debug|x86.ActiveCfg = Debug|Any CPU
		{1DFD1C96-1FBA-41A8-AB29-42D21014749F}.Debug|x86.Build.0 = Debug|Any CPU
		{1DFD1C96-1FBA-41A8-AB29-42D21014749F}.Release|Any CPU.ActiveCfg = Release|Any CPU
		{1DFD1C96-1FBA-41A8-AB29-42D21014749F}.Release|Any CPU.Build.0 = Release|Any CPU
		{1DFD1C96-1FBA-41A8-AB29-42D21014749F}.Release|x64.ActiveCfg = Release|Any CPU
		{1DFD1C96-1FBA-41A8-AB29-42D21014749F}.Release|x64.Build.0 = Release|Any CPU
		{1DFD1C96-1FBA-41A8-AB29-42D21014749F}.Release|x86.ActiveCfg = Release|Any CPU
		{1DFD1C96-1FBA-41A8-AB29-42D21014749F}.Release|x86.Build.0 = Release|Any CPU
		{F2DF1400-07B2-4011-8851-7D1766A979BD}.Debug|Any CPU.ActiveCfg = Debug|Any CPU
		{F2DF1400-07B2-4011-8851-7D1766A979BD}.Debug|Any CPU.Build.0 = Debug|Any CPU
		{F2DF1400-07B2-4011-8851-7D1766A979BD}.Debug|x64.ActiveCfg = Debug|Any CPU
		{F2DF1400-07B2-4011-8851-7D1766A979BD}.Debug|x64.Build.0 = Debug|Any CPU
		{F2DF1400-07B2-4011-8851-7D1766A979BD}.Debug|x86.ActiveCfg = Debug|Any CPU
		{F2DF1400-07B2-4011-8851-7D1766A979BD}.Debug|x86.Build.0 = Debug|Any CPU
		{F2DF1400-07B2-4011-8851-7D1766A979BD}.Release|Any CPU.ActiveCfg = Release|Any CPU
		{F2DF1400-07B2-4011-8851-7D1766A979BD}.Release|Any CPU.Build.0 = Release|Any CPU
		{F2DF1400-07B2-4011-8851-7D1766A979BD}.Release|x64.ActiveCfg = Release|Any CPU
		{F2DF1400-07B2-4011-8851-7D1766A979BD}.Release|x64.Build.0 = Release|Any CPU
		{F2DF1400-07B2-4011-8851-7D1766A979BD}.Release|x86.ActiveCfg = Release|Any CPU
		{F2DF1400-07B2-4011-8851-7D1766A979BD}.Release|x86.Build.0 = Release|Any CPU
		{E104CB38-E858-4F43-9BCF-CFE749FAA97A}.Debug|Any CPU.ActiveCfg = Debug|Any CPU
		{E104CB38-E858-4F43-9BCF-CFE749FAA97A}.Debug|Any CPU.Build.0 = Debug|Any CPU
		{E104CB38-E858-4F43-9BCF-CFE749FAA97A}.Debug|x64.ActiveCfg = Debug|Any CPU
		{E104CB38-E858-4F43-9BCF-CFE749FAA97A}.Debug|x64.Build.0 = Debug|Any CPU
		{E104CB38-E858-4F43-9BCF-CFE749FAA97A}.Debug|x86.ActiveCfg = Debug|Any CPU
		{E104CB38-E858-4F43-9BCF-CFE749FAA97A}.Debug|x86.Build.0 = Debug|Any CPU
		{E104CB38-E858-4F43-9BCF-CFE749FAA97A}.Release|Any CPU.ActiveCfg = Release|Any CPU
		{E104CB38-E858-4F43-9BCF-CFE749FAA97A}.Release|Any CPU.Build.0 = Release|Any CPU
		{E104CB38-E858-4F43-9BCF-CFE749FAA97A}.Release|x64.ActiveCfg = Release|Any CPU
		{E104CB38-E858-4F43-9BCF-CFE749FAA97A}.Release|x64.Build.0 = Release|Any CPU
		{E104CB38-E858-4F43-9BCF-CFE749FAA97A}.Release|x86.ActiveCfg = Release|Any CPU
		{E104CB38-E858-4F43-9BCF-CFE749FAA97A}.Release|x86.Build.0 = Release|Any CPU
		{1D5280E0-A26A-41F7-8463-D59FCCDD7361}.Debug|Any CPU.ActiveCfg = Debug|Any CPU
		{1D5280E0-A26A-41F7-8463-D59FCCDD7361}.Debug|Any CPU.Build.0 = Debug|Any CPU
		{1D5280E0-A26A-41F7-8463-D59FCCDD7361}.Debug|x64.ActiveCfg = Debug|Any CPU
		{1D5280E0-A26A-41F7-8463-D59FCCDD7361}.Debug|x64.Build.0 = Debug|Any CPU
		{1D5280E0-A26A-41F7-8463-D59FCCDD7361}.Debug|x86.ActiveCfg = Debug|Any CPU
		{1D5280E0-A26A-41F7-8463-D59FCCDD7361}.Debug|x86.Build.0 = Debug|Any CPU
		{1D5280E0-A26A-41F7-8463-D59FCCDD7361}.Release|Any CPU.ActiveCfg = Release|Any CPU
		{1D5280E0-A26A-41F7-8463-D59FCCDD7361}.Release|Any CPU.Build.0 = Release|Any CPU
		{1D5280E0-A26A-41F7-8463-D59FCCDD7361}.Release|x64.ActiveCfg = Release|Any CPU
		{1D5280E0-A26A-41F7-8463-D59FCCDD7361}.Release|x64.Build.0 = Release|Any CPU
		{1D5280E0-A26A-41F7-8463-D59FCCDD7361}.Release|x86.ActiveCfg = Release|Any CPU
		{1D5280E0-A26A-41F7-8463-D59FCCDD7361}.Release|x86.Build.0 = Release|Any CPU
		{9520710C-1403-4BC1-B79A-E08CA11F7A4B}.Debug|Any CPU.ActiveCfg = Debug|Any CPU
		{9520710C-1403-4BC1-B79A-E08CA11F7A4B}.Debug|Any CPU.Build.0 = Debug|Any CPU
		{9520710C-1403-4BC1-B79A-E08CA11F7A4B}.Debug|x64.ActiveCfg = Debug|Any CPU
		{9520710C-1403-4BC1-B79A-E08CA11F7A4B}.Debug|x64.Build.0 = Debug|Any CPU
		{9520710C-1403-4BC1-B79A-E08CA11F7A4B}.Debug|x86.ActiveCfg = Debug|Any CPU
		{9520710C-1403-4BC1-B79A-E08CA11F7A4B}.Debug|x86.Build.0 = Debug|Any CPU
		{9520710C-1403-4BC1-B79A-E08CA11F7A4B}.Release|Any CPU.ActiveCfg = Release|Any CPU
		{9520710C-1403-4BC1-B79A-E08CA11F7A4B}.Release|Any CPU.Build.0 = Release|Any CPU
		{9520710C-1403-4BC1-B79A-E08CA11F7A4B}.Release|x64.ActiveCfg = Release|Any CPU
		{9520710C-1403-4BC1-B79A-E08CA11F7A4B}.Release|x64.Build.0 = Release|Any CPU
		{9520710C-1403-4BC1-B79A-E08CA11F7A4B}.Release|x86.ActiveCfg = Release|Any CPU
		{9520710C-1403-4BC1-B79A-E08CA11F7A4B}.Release|x86.Build.0 = Release|Any CPU
		{A80ADC27-2C3D-4EA0-A8E5-B70979683678}.Debug|Any CPU.ActiveCfg = Debug|Any CPU
		{A80ADC27-2C3D-4EA0-A8E5-B70979683678}.Debug|Any CPU.Build.0 = Debug|Any CPU
		{A80ADC27-2C3D-4EA0-A8E5-B70979683678}.Debug|x64.ActiveCfg = Debug|Any CPU
		{A80ADC27-2C3D-4EA0-A8E5-B70979683678}.Debug|x64.Build.0 = Debug|Any CPU
		{A80ADC27-2C3D-4EA0-A8E5-B70979683678}.Debug|x86.ActiveCfg = Debug|Any CPU
		{A80ADC27-2C3D-4EA0-A8E5-B70979683678}.Debug|x86.Build.0 = Debug|Any CPU
		{A80ADC27-2C3D-4EA0-A8E5-B70979683678}.Release|Any CPU.ActiveCfg = Release|Any CPU
		{A80ADC27-2C3D-4EA0-A8E5-B70979683678}.Release|Any CPU.Build.0 = Release|Any CPU
		{A80ADC27-2C3D-4EA0-A8E5-B70979683678}.Release|x64.ActiveCfg = Release|Any CPU
		{A80ADC27-2C3D-4EA0-A8E5-B70979683678}.Release|x64.Build.0 = Release|Any CPU
		{A80ADC27-2C3D-4EA0-A8E5-B70979683678}.Release|x86.ActiveCfg = Release|Any CPU
		{A80ADC27-2C3D-4EA0-A8E5-B70979683678}.Release|x86.Build.0 = Release|Any CPU
		{B3D585AF-FCE3-429B-BAEF-B7B5768D84AF}.Debug|Any CPU.ActiveCfg = Debug|Any CPU
		{B3D585AF-FCE3-429B-BAEF-B7B5768D84AF}.Debug|Any CPU.Build.0 = Debug|Any CPU
		{B3D585AF-FCE3-429B-BAEF-B7B5768D84AF}.Debug|x64.ActiveCfg = Debug|Any CPU
		{B3D585AF-FCE3-429B-BAEF-B7B5768D84AF}.Debug|x64.Build.0 = Debug|Any CPU
		{B3D585AF-FCE3-429B-BAEF-B7B5768D84AF}.Debug|x86.ActiveCfg = Debug|Any CPU
		{B3D585AF-FCE3-429B-BAEF-B7B5768D84AF}.Debug|x86.Build.0 = Debug|Any CPU
		{B3D585AF-FCE3-429B-BAEF-B7B5768D84AF}.Release|Any CPU.ActiveCfg = Release|Any CPU
		{B3D585AF-FCE3-429B-BAEF-B7B5768D84AF}.Release|Any CPU.Build.0 = Release|Any CPU
		{B3D585AF-FCE3-429B-BAEF-B7B5768D84AF}.Release|x64.ActiveCfg = Release|Any CPU
		{B3D585AF-FCE3-429B-BAEF-B7B5768D84AF}.Release|x64.Build.0 = Release|Any CPU
		{B3D585AF-FCE3-429B-BAEF-B7B5768D84AF}.Release|x86.ActiveCfg = Release|Any CPU
		{B3D585AF-FCE3-429B-BAEF-B7B5768D84AF}.Release|x86.Build.0 = Release|Any CPU
		{F6C8C248-3B39-48A2-A779-0A957CAE06C6}.Debug|Any CPU.ActiveCfg = Debug|Any CPU
		{F6C8C248-3B39-48A2-A779-0A957CAE06C6}.Debug|Any CPU.Build.0 = Debug|Any CPU
		{F6C8C248-3B39-48A2-A779-0A957CAE06C6}.Debug|x64.ActiveCfg = Debug|Any CPU
		{F6C8C248-3B39-48A2-A779-0A957CAE06C6}.Debug|x64.Build.0 = Debug|Any CPU
		{F6C8C248-3B39-48A2-A779-0A957CAE06C6}.Debug|x86.ActiveCfg = Debug|Any CPU
		{F6C8C248-3B39-48A2-A779-0A957CAE06C6}.Debug|x86.Build.0 = Debug|Any CPU
		{F6C8C248-3B39-48A2-A779-0A957CAE06C6}.Release|Any CPU.ActiveCfg = Release|Any CPU
		{F6C8C248-3B39-48A2-A779-0A957CAE06C6}.Release|Any CPU.Build.0 = Release|Any CPU
		{F6C8C248-3B39-48A2-A779-0A957CAE06C6}.Release|x64.ActiveCfg = Release|Any CPU
		{F6C8C248-3B39-48A2-A779-0A957CAE06C6}.Release|x64.Build.0 = Release|Any CPU
		{F6C8C248-3B39-48A2-A779-0A957CAE06C6}.Release|x86.ActiveCfg = Release|Any CPU
		{F6C8C248-3B39-48A2-A779-0A957CAE06C6}.Release|x86.Build.0 = Release|Any CPU
		{FF5EA167-CE84-496E-8F29-04CDA8158266}.Debug|Any CPU.ActiveCfg = Debug|Any CPU
		{FF5EA167-CE84-496E-8F29-04CDA8158266}.Debug|Any CPU.Build.0 = Debug|Any CPU
		{FF5EA167-CE84-496E-8F29-04CDA8158266}.Debug|x64.ActiveCfg = Debug|Any CPU
		{FF5EA167-CE84-496E-8F29-04CDA8158266}.Debug|x64.Build.0 = Debug|Any CPU
		{FF5EA167-CE84-496E-8F29-04CDA8158266}.Debug|x86.ActiveCfg = Debug|Any CPU
		{FF5EA167-CE84-496E-8F29-04CDA8158266}.Debug|x86.Build.0 = Debug|Any CPU
		{FF5EA167-CE84-496E-8F29-04CDA8158266}.Release|Any CPU.ActiveCfg = Release|Any CPU
		{FF5EA167-CE84-496E-8F29-04CDA8158266}.Release|Any CPU.Build.0 = Release|Any CPU
		{FF5EA167-CE84-496E-8F29-04CDA8158266}.Release|x64.ActiveCfg = Release|Any CPU
		{FF5EA167-CE84-496E-8F29-04CDA8158266}.Release|x64.Build.0 = Release|Any CPU
		{FF5EA167-CE84-496E-8F29-04CDA8158266}.Release|x86.ActiveCfg = Release|Any CPU
		{FF5EA167-CE84-496E-8F29-04CDA8158266}.Release|x86.Build.0 = Release|Any CPU
		{ECB65846-2D34-4421-9AF9-18F781AA7CA1}.Debug|Any CPU.ActiveCfg = Debug|Any CPU
		{ECB65846-2D34-4421-9AF9-18F781AA7CA1}.Debug|Any CPU.Build.0 = Debug|Any CPU
		{ECB65846-2D34-4421-9AF9-18F781AA7CA1}.Debug|x64.ActiveCfg = Debug|Any CPU
		{ECB65846-2D34-4421-9AF9-18F781AA7CA1}.Debug|x64.Build.0 = Debug|Any CPU
		{ECB65846-2D34-4421-9AF9-18F781AA7CA1}.Debug|x86.ActiveCfg = Debug|Any CPU
		{ECB65846-2D34-4421-9AF9-18F781AA7CA1}.Debug|x86.Build.0 = Debug|Any CPU
		{ECB65846-2D34-4421-9AF9-18F781AA7CA1}.Release|Any CPU.ActiveCfg = Release|Any CPU
		{ECB65846-2D34-4421-9AF9-18F781AA7CA1}.Release|Any CPU.Build.0 = Release|Any CPU
		{ECB65846-2D34-4421-9AF9-18F781AA7CA1}.Release|x64.ActiveCfg = Release|Any CPU
		{ECB65846-2D34-4421-9AF9-18F781AA7CA1}.Release|x64.Build.0 = Release|Any CPU
		{ECB65846-2D34-4421-9AF9-18F781AA7CA1}.Release|x86.ActiveCfg = Release|Any CPU
		{ECB65846-2D34-4421-9AF9-18F781AA7CA1}.Release|x86.Build.0 = Release|Any CPU
		{C1301991-E5A8-4608-898A-6E84D7821A24}.Debug|Any CPU.ActiveCfg = Debug|Any CPU
		{C1301991-E5A8-4608-898A-6E84D7821A24}.Debug|Any CPU.Build.0 = Debug|Any CPU
		{C1301991-E5A8-4608-898A-6E84D7821A24}.Debug|x64.ActiveCfg = Debug|Any CPU
		{C1301991-E5A8-4608-898A-6E84D7821A24}.Debug|x64.Build.0 = Debug|Any CPU
		{C1301991-E5A8-4608-898A-6E84D7821A24}.Debug|x86.ActiveCfg = Debug|Any CPU
		{C1301991-E5A8-4608-898A-6E84D7821A24}.Debug|x86.Build.0 = Debug|Any CPU
		{C1301991-E5A8-4608-898A-6E84D7821A24}.Release|Any CPU.ActiveCfg = Release|Any CPU
		{C1301991-E5A8-4608-898A-6E84D7821A24}.Release|Any CPU.Build.0 = Release|Any CPU
		{C1301991-E5A8-4608-898A-6E84D7821A24}.Release|x64.ActiveCfg = Release|Any CPU
		{C1301991-E5A8-4608-898A-6E84D7821A24}.Release|x64.Build.0 = Release|Any CPU
		{C1301991-E5A8-4608-898A-6E84D7821A24}.Release|x86.ActiveCfg = Release|Any CPU
		{C1301991-E5A8-4608-898A-6E84D7821A24}.Release|x86.Build.0 = Release|Any CPU
		{86F3FAB0-966F-49FA-B9BF-F072A092C02A}.Debug|Any CPU.ActiveCfg = Debug|Any CPU
		{86F3FAB0-966F-49FA-B9BF-F072A092C02A}.Debug|Any CPU.Build.0 = Debug|Any CPU
		{86F3FAB0-966F-49FA-B9BF-F072A092C02A}.Debug|x64.ActiveCfg = Debug|Any CPU
		{86F3FAB0-966F-49FA-B9BF-F072A092C02A}.Debug|x64.Build.0 = Debug|Any CPU
		{86F3FAB0-966F-49FA-B9BF-F072A092C02A}.Debug|x86.ActiveCfg = Debug|Any CPU
		{86F3FAB0-966F-49FA-B9BF-F072A092C02A}.Debug|x86.Build.0 = Debug|Any CPU
		{86F3FAB0-966F-49FA-B9BF-F072A092C02A}.Release|Any CPU.ActiveCfg = Release|Any CPU
		{86F3FAB0-966F-49FA-B9BF-F072A092C02A}.Release|Any CPU.Build.0 = Release|Any CPU
		{86F3FAB0-966F-49FA-B9BF-F072A092C02A}.Release|x64.ActiveCfg = Release|Any CPU
		{86F3FAB0-966F-49FA-B9BF-F072A092C02A}.Release|x64.Build.0 = Release|Any CPU
		{86F3FAB0-966F-49FA-B9BF-F072A092C02A}.Release|x86.ActiveCfg = Release|Any CPU
		{86F3FAB0-966F-49FA-B9BF-F072A092C02A}.Release|x86.Build.0 = Release|Any CPU
		{06475958-28C4-4B83-ABC8-D108612AF73E}.Debug|Any CPU.ActiveCfg = Debug|Any CPU
		{06475958-28C4-4B83-ABC8-D108612AF73E}.Debug|Any CPU.Build.0 = Debug|Any CPU
		{06475958-28C4-4B83-ABC8-D108612AF73E}.Debug|x64.ActiveCfg = Debug|Any CPU
		{06475958-28C4-4B83-ABC8-D108612AF73E}.Debug|x64.Build.0 = Debug|Any CPU
		{06475958-28C4-4B83-ABC8-D108612AF73E}.Debug|x86.ActiveCfg = Debug|Any CPU
		{06475958-28C4-4B83-ABC8-D108612AF73E}.Debug|x86.Build.0 = Debug|Any CPU
		{06475958-28C4-4B83-ABC8-D108612AF73E}.Release|Any CPU.ActiveCfg = Release|Any CPU
		{06475958-28C4-4B83-ABC8-D108612AF73E}.Release|Any CPU.Build.0 = Release|Any CPU
		{06475958-28C4-4B83-ABC8-D108612AF73E}.Release|x64.ActiveCfg = Release|Any CPU
		{06475958-28C4-4B83-ABC8-D108612AF73E}.Release|x64.Build.0 = Release|Any CPU
		{06475958-28C4-4B83-ABC8-D108612AF73E}.Release|x86.ActiveCfg = Release|Any CPU
		{06475958-28C4-4B83-ABC8-D108612AF73E}.Release|x86.Build.0 = Release|Any CPU
		{E50B8437-7CFF-424F-A566-42243F82C792}.Debug|Any CPU.ActiveCfg = Debug|Any CPU
		{E50B8437-7CFF-424F-A566-42243F82C792}.Debug|Any CPU.Build.0 = Debug|Any CPU
		{E50B8437-7CFF-424F-A566-42243F82C792}.Debug|x64.ActiveCfg = Debug|Any CPU
		{E50B8437-7CFF-424F-A566-42243F82C792}.Debug|x64.Build.0 = Debug|Any CPU
		{E50B8437-7CFF-424F-A566-42243F82C792}.Debug|x86.ActiveCfg = Debug|Any CPU
		{E50B8437-7CFF-424F-A566-42243F82C792}.Debug|x86.Build.0 = Debug|Any CPU
		{E50B8437-7CFF-424F-A566-42243F82C792}.Release|Any CPU.ActiveCfg = Release|Any CPU
		{E50B8437-7CFF-424F-A566-42243F82C792}.Release|Any CPU.Build.0 = Release|Any CPU
		{E50B8437-7CFF-424F-A566-42243F82C792}.Release|x64.ActiveCfg = Release|Any CPU
		{E50B8437-7CFF-424F-A566-42243F82C792}.Release|x64.Build.0 = Release|Any CPU
		{E50B8437-7CFF-424F-A566-42243F82C792}.Release|x86.ActiveCfg = Release|Any CPU
		{E50B8437-7CFF-424F-A566-42243F82C792}.Release|x86.Build.0 = Release|Any CPU
		{50BA5DB5-A4DF-4CF0-A4FF-ABB011213A94}.Debug|Any CPU.ActiveCfg = Debug|Any CPU
		{50BA5DB5-A4DF-4CF0-A4FF-ABB011213A94}.Debug|Any CPU.Build.0 = Debug|Any CPU
		{50BA5DB5-A4DF-4CF0-A4FF-ABB011213A94}.Debug|x64.ActiveCfg = Debug|Any CPU
		{50BA5DB5-A4DF-4CF0-A4FF-ABB011213A94}.Debug|x64.Build.0 = Debug|Any CPU
		{50BA5DB5-A4DF-4CF0-A4FF-ABB011213A94}.Debug|x86.ActiveCfg = Debug|Any CPU
		{50BA5DB5-A4DF-4CF0-A4FF-ABB011213A94}.Debug|x86.Build.0 = Debug|Any CPU
		{50BA5DB5-A4DF-4CF0-A4FF-ABB011213A94}.Release|Any CPU.ActiveCfg = Release|Any CPU
		{50BA5DB5-A4DF-4CF0-A4FF-ABB011213A94}.Release|Any CPU.Build.0 = Release|Any CPU
		{50BA5DB5-A4DF-4CF0-A4FF-ABB011213A94}.Release|x64.ActiveCfg = Release|Any CPU
		{50BA5DB5-A4DF-4CF0-A4FF-ABB011213A94}.Release|x64.Build.0 = Release|Any CPU
		{50BA5DB5-A4DF-4CF0-A4FF-ABB011213A94}.Release|x86.ActiveCfg = Release|Any CPU
		{50BA5DB5-A4DF-4CF0-A4FF-ABB011213A94}.Release|x86.Build.0 = Release|Any CPU
		{D4768D58-7929-4143-8912-BAF6F8F7DEE4}.Debug|Any CPU.ActiveCfg = Debug|Any CPU
		{D4768D58-7929-4143-8912-BAF6F8F7DEE4}.Debug|Any CPU.Build.0 = Debug|Any CPU
		{D4768D58-7929-4143-8912-BAF6F8F7DEE4}.Debug|x64.ActiveCfg = Debug|Any CPU
		{D4768D58-7929-4143-8912-BAF6F8F7DEE4}.Debug|x64.Build.0 = Debug|Any CPU
		{D4768D58-7929-4143-8912-BAF6F8F7DEE4}.Debug|x86.ActiveCfg = Debug|Any CPU
		{D4768D58-7929-4143-8912-BAF6F8F7DEE4}.Debug|x86.Build.0 = Debug|Any CPU
		{D4768D58-7929-4143-8912-BAF6F8F7DEE4}.Release|Any CPU.ActiveCfg = Release|Any CPU
		{D4768D58-7929-4143-8912-BAF6F8F7DEE4}.Release|Any CPU.Build.0 = Release|Any CPU
		{D4768D58-7929-4143-8912-BAF6F8F7DEE4}.Release|x64.ActiveCfg = Release|Any CPU
		{D4768D58-7929-4143-8912-BAF6F8F7DEE4}.Release|x64.Build.0 = Release|Any CPU
		{D4768D58-7929-4143-8912-BAF6F8F7DEE4}.Release|x86.ActiveCfg = Release|Any CPU
		{D4768D58-7929-4143-8912-BAF6F8F7DEE4}.Release|x86.Build.0 = Release|Any CPU
		{AF47BFB0-3E38-4811-BF69-0F4E1308BC72}.Debug|Any CPU.ActiveCfg = Debug|Any CPU
		{AF47BFB0-3E38-4811-BF69-0F4E1308BC72}.Debug|Any CPU.Build.0 = Debug|Any CPU
		{AF47BFB0-3E38-4811-BF69-0F4E1308BC72}.Debug|x64.ActiveCfg = Debug|Any CPU
		{AF47BFB0-3E38-4811-BF69-0F4E1308BC72}.Debug|x64.Build.0 = Debug|Any CPU
		{AF47BFB0-3E38-4811-BF69-0F4E1308BC72}.Debug|x86.ActiveCfg = Debug|Any CPU
		{AF47BFB0-3E38-4811-BF69-0F4E1308BC72}.Debug|x86.Build.0 = Debug|Any CPU
		{AF47BFB0-3E38-4811-BF69-0F4E1308BC72}.Release|Any CPU.ActiveCfg = Release|Any CPU
		{AF47BFB0-3E38-4811-BF69-0F4E1308BC72}.Release|Any CPU.Build.0 = Release|Any CPU
		{AF47BFB0-3E38-4811-BF69-0F4E1308BC72}.Release|x64.ActiveCfg = Release|Any CPU
		{AF47BFB0-3E38-4811-BF69-0F4E1308BC72}.Release|x64.Build.0 = Release|Any CPU
		{AF47BFB0-3E38-4811-BF69-0F4E1308BC72}.Release|x86.ActiveCfg = Release|Any CPU
		{AF47BFB0-3E38-4811-BF69-0F4E1308BC72}.Release|x86.Build.0 = Release|Any CPU
	EndGlobalSection
	GlobalSection(SolutionProperties) = preSolution
		HideSolutionNode = FALSE
	EndGlobalSection
	GlobalSection(NestedProjects) = preSolution
		{6D0F365C-23A7-4B1E-A877-2BC33A2CAB9B} = {827E0CD3-B72D-47B6-A68D-7590B98EB39B}
		{A2949C14-B3DB-4BB7-BDFA-606CCD5E994C} = {827E0CD3-B72D-47B6-A68D-7590B98EB39B}
		{3FA0A5E8-9C17-4A81-8DD6-CF6F01D74DD4} = {827E0CD3-B72D-47B6-A68D-7590B98EB39B}
		{5BF5772D-4774-4C3F-B353-ACD2E3F091F8} = {827E0CD3-B72D-47B6-A68D-7590B98EB39B}
		{3CC1C52F-CCB0-4664-B88D-AC8524AE8C2A} = {827E0CD3-B72D-47B6-A68D-7590B98EB39B}
		{3BB1B233-5FA0-47E2-A589-51E706C650A3} = {827E0CD3-B72D-47B6-A68D-7590B98EB39B}
		{71DB1473-E3F4-49D0-926F-0B54EA7C3C73} = {0AB3BF05-4346-4AA6-1389-037BE0695223}
		{1DFD1C96-1FBA-41A8-AB29-42D21014749F} = {0AB3BF05-4346-4AA6-1389-037BE0695223}
		{F2DF1400-07B2-4011-8851-7D1766A979BD} = {0AB3BF05-4346-4AA6-1389-037BE0695223}
		{E104CB38-E858-4F43-9BCF-CFE749FAA97A} = {0AB3BF05-4346-4AA6-1389-037BE0695223}
		{1D5280E0-A26A-41F7-8463-D59FCCDD7361} = {0AB3BF05-4346-4AA6-1389-037BE0695223}
		{9520710C-1403-4BC1-B79A-E08CA11F7A4B} = {0AB3BF05-4346-4AA6-1389-037BE0695223}
		{A80ADC27-2C3D-4EA0-A8E5-B70979683678} = {827E0CD3-B72D-47B6-A68D-7590B98EB39B}
		{B3D585AF-FCE3-429B-BAEF-B7B5768D84AF} = {0AB3BF05-4346-4AA6-1389-037BE0695223}
		{F6C8C248-3B39-48A2-A779-0A957CAE06C6} = {827E0CD3-B72D-47B6-A68D-7590B98EB39B}
		{FF5EA167-CE84-496E-8F29-04CDA8158266} = {827E0CD3-B72D-47B6-A68D-7590B98EB39B}
		{ECB65846-2D34-4421-9AF9-18F781AA7CA1} = {0AB3BF05-4346-4AA6-1389-037BE0695223}
		{C1301991-E5A8-4608-898A-6E84D7821A24} = {827E0CD3-B72D-47B6-A68D-7590B98EB39B}
		{86F3FAB0-966F-49FA-B9BF-F072A092C02A} = {827E0CD3-B72D-47B6-A68D-7590B98EB39B}
		{06475958-28C4-4B83-ABC8-D108612AF73E} = {827E0CD3-B72D-47B6-A68D-7590B98EB39B}
		{E50B8437-7CFF-424F-A566-42243F82C792} = {0AB3BF05-4346-4AA6-1389-037BE0695223}
		{50BA5DB5-A4DF-4CF0-A4FF-ABB011213A94} = {827E0CD3-B72D-47B6-A68D-7590B98EB39B}
		{D4768D58-7929-4143-8912-BAF6F8F7DEE4} = {0AB3BF05-4346-4AA6-1389-037BE0695223}
		{AF47BFB0-3E38-4811-BF69-0F4E1308BC72} = {827E0CD3-B72D-47B6-A68D-7590B98EB39B}
	EndGlobalSection
EndGlobal
