
Microsoft Visual Studio Solution File, Format Version 12.00
# Visual Studio Version 17
VisualStudioVersion = 17.0.31903.59
MinimumVisualStudioVersion = 10.0.40219.1
Project("{2150E333-8FDC-42A3-9474-1A3956D46DE8}") = "src", "src", "{827E0CD3-B72D-47B6-A68D-7590B98EB39B}"
EndProject
Project("{FAE04EC0-301F-11D3-BF4B-00C04F79EFBC}") = "AFK4.BuildingBlocks", "src\AFK4.BuildingBlocks\AFK4.BuildingBlocks.csproj", "{6D0F365C-23A7-4B1E-A877-2BC33A2CAB9B}"
EndProject
Project("{FAE04EC0-301F-11D3-BF4B-00C04F79EFBC}") = "AFK4.Shared.Contracts", "src\AFK4.Shared.Contracts\AFK4.Shared.Contracts.csproj", "{A2949C14-B3DB-4BB7-BDFA-606CCD5E994C}"
EndProject
Project("{FAE04EC0-301F-11D3-BF4B-00C04F79EFBC}") = "AFK4.Platform.Api", "src\AFK4.Platform.Api\AFK4.Platform.Api.csproj", "{3FA0A5E8-9C17-4A81-8DD6-CF6F01D74DD4}"
EndProject
Project("{FAE04EC0-301F-11D3-BF4B-00C04F79EFBC}") = "AFK4.Agent.Service", "src\AFK4.Agent.Service\AFK4.Agent.Service.csproj", "{5BF5772D-4774-4C3F-B353-ACD2E3F091F8}"
EndProject
Project("{FAE04EC0-301F-11D3-BF4B-00C04F79EFBC}") = "AFK4.Operator.App", "src\AFK4.Operator.App\AFK4.Operator.App.csproj", "{3CC1C52F-CCB0-4664-B88D-AC8524AE8C2A}"
EndProject
Project("{FAE04EC0-301F-11D3-BF4B-00C04F79EFBC}") = "AFK4.Player.Shell", "src\AFK4.Player.Shell\AFK4.Player.Shell.csproj", "{3BB1B233-5FA0-47E2-A589-51E706C650A3}"
EndProject
Project("{2150E333-8FDC-42A3-9474-1A3956D46DE8}") = "tests", "tests", "{0AB3BF05-4346-4AA6-1389-037BE0695223}"
EndProject
Project("{FAE04EC0-301F-11D3-BF4B-00C04F79EFBC}") = "AFK4.BuildingBlocks.Tests", "tests\AFK4.BuildingBlocks.Tests\AFK4.BuildingBlocks.Tests.csproj", "{71DB1473-E3F4-49D0-926F-0B54EA7C3C73}"
EndProject
Project("{FAE04EC0-301F-11D3-BF4B-00C04F79EFBC}") = "AFK4.Shared.Contracts.Tests", "tests\AFK4.Shared.Contracts.Tests\AFK4.Shared.Contracts.Tests.csproj", "{1DFD1C96-1FBA-41A8-AB29-42D21014749F}"
EndProject
Project("{FAE04EC0-301F-11D3-BF4B-00C04F79EFBC}") = "AFK4.Platform.Api.Tests", "tests\AFK4.Platform.Api.Tests\AFK4.Platform.Api.Tests.csproj", "{F2DF1400-07B2-4011-8851-7D1766A979BD}"
EndProject
Project("{FAE04EC0-301F-11D3-BF4B-00C04F79EFBC}") = "AFK4.Agent.Service.Tests", "tests\AFK4.Agent.Service.Tests\AFK4.Agent.Service.Tests.csproj", "{E104CB38-E858-4F43-9BCF-CFE749FAA97A}"
EndProject
Project("{FAE04EC0-301F-11D3-BF4B-00C04F79EFBC}") = "AFK4.Operator.App.Tests", "tests\AFK4.Operator.App.Tests\AFK4.Operator.App.Tests.csproj", "{1D5280E0-A26A-41F7-8463-D59FCCDD7361}"
EndProject
Global
	GlobalSection(SolutionConfigurationPlatforms) = preSolution
		Debug|Any CPU = Debug|Any CPU
		Debug|x64 = Debug|x64
		Debug|x86 = Debug|x86
		Release|Any CPU = Release|Any CPU
		Release|x64 = Release|x64
		Release|x86 = Release|x86
	EndGlobalSection
	GlobalSection(ProjectConfigurationPlatforms) = postSolution
		{6D0F365C-23A7-4B1E-A877-2BC33A2CAB9B}.Debug|Any CPU.ActiveCfg = Debug|Any CPU
		{6D0F365C-23A7-4B1E-A877-2BC33A2CAB9B}.Debug|Any CPU.Build.0 = Debug|Any CPU
		{6D0F365C-23A7-4B1E-A877-2BC33A2CAB9B}.Debug|x64.ActiveCfg = Debug|Any CPU
		{6D0F365C-23A7-4B1E-A877-2BC33A2CAB9B}.Debug|x64.Build.0 = Debug|Any CPU
		{6D0F365C-23A7-4B1E-A877-2BC33A2CAB9B}.Debug|x86.ActiveCfg = Debug|Any CPU
		{6D0F365C-23A7-4B1E-A877-2BC33A2CAB9B}.Debug|x86.Build.0 = Debug|Any CPU
		{6D0F365C-23A7-4B1E-A877-2BC33A2CAB9B}.Release|Any CPU.ActiveCfg = Release|Any CPU
		{6D0F365C-23A7-4B1E-A877-2BC33A2CAB9B}.Release|Any CPU.Build.0 = Release|Any CPU
		{6D0F365C-23A7-4B1E-A877-2BC33A2CAB9B}.Release|x64.ActiveCfg = Release|Any CPU
		{6D0F365C-23A7-4B1E-A877-2BC33A2CAB9B}.Release|x64.Build.0 = Release|Any CPU
		{6D0F365C-23A7-4B1E-A877-2BC33A2CAB9B}.Release|x86.ActiveCfg = Release|Any CPU
		{6D0F365C-23A7-4B1E-A877-2BC33A2CAB9B}.Release|x86.Build.0 = Release|Any CPU
		{A2949C14-B3DB-4BB7-BDFA-606CCD5E994C}.Debug|Any CPU.ActiveCfg = Debug|Any CPU
		{A2949C14-B3DB-4BB7-BDFA-606CCD5E994C}.Debug|Any CPU.Build.0 = Debug|Any CPU
		{A2949C14-B3DB-4BB7-BDFA-606CCD5E994C}.Debug|x64.ActiveCfg = Debug|Any CPU
		{A2949C14-B3DB-4BB7-BDFA-606CCD5E994C}.Debug|x64.Build.0 = Debug|Any CPU
		{A2949C14-B3DB-4BB7-BDFA-606CCD5E994C}.Debug|x86.ActiveCfg = Debug|Any CPU
		{A2949C14-B3DB-4BB7-BDFA-606CCD5E994C}.Debug|x86.Build.0 = Debug|Any CPU
		{A2949C14-B3DB-4BB7-BDFA-606CCD5E994C}.Release|Any CPU.ActiveCfg = Release|Any CPU
		{A2949C14-B3DB-4BB7-BDFA-606CCD5E994C}.Release|Any CPU.Build.0 = Release|Any CPU
		{A2949C14-B3DB-4BB7-BDFA-606CCD5E994C}.Release|x64.ActiveCfg = Release|Any CPU
		{A2949C14-B3DB-4BB7-BDFA-606CCD5E994C}.Release|x64.Build.0 = Release|Any CPU
		{A2949C14-B3DB-4BB7-BDFA-606CCD5E994C}.Release|x86.ActiveCfg = Release|Any CPU
		{A2949C14-B3DB-4BB7-BDFA-606CCD5E994C}.Release|x86.Build.0 = Release|Any CPU
		{3FA0A5E8-9C17-4A81-8DD6-CF6F01D74DD4}.Debug|Any CPU.ActiveCfg = Debug|Any CPU
		{3FA0A5E8-9C17-4A81-8DD6-CF6F01D74DD4}.Debug|Any CPU.Build.0 = Debug|Any CPU
		{3FA0A5E8-9C17-4A81-8DD6-CF6F01D74DD4}.Debug|x64.ActiveCfg = Debug|Any CPU
		{3FA0A5E8-9C17-4A81-8DD6-CF6F01D74DD4}.Debug|x64.Build.0 = Debug|Any CPU
		{3FA0A5E8-9C17-4A81-8DD6-CF6F01D74DD4}.Debug|x86.ActiveCfg = Debug|Any CPU
		{3FA0A5E8-9C17-4A81-8DD6-CF6F01D74DD4}.Debug|x86.Build.0 = Debug|Any CPU
		{3FA0A5E8-9C17-4A81-8DD6-CF6F01D74DD4}.Release|Any CPU.ActiveCfg = Release|Any CPU
		{3FA0A5E8-9C17-4A81-8DD6-CF6F01D74DD4}.Release|Any CPU.Build.0 = Release|Any CPU
		{3FA0A5E8-9C17-4A81-8DD6-CF6F01D74DD4}.Release|x64.ActiveCfg = Release|Any CPU
		{3FA0A5E8-9C17-4A81-8DD6-CF6F01D74DD4}.Release|x64.Build.0 = Release|Any CPU
		{3FA0A5E8-9C17-4A81-8DD6-CF6F01D74DD4}.Release|x86.ActiveCfg = Release|Any CPU
		{3FA0A5E8-9C17-4A81-8DD6-CF6F01D74DD4}.Release|x86.Build.0 = Release|Any CPU
		{5BF5772D-4774-4C3F-B353-ACD2E3F091F8}.Debug|Any CPU.ActiveCfg = Debug|Any CPU
		{5BF5772D-4774-4C3F-B353-ACD2E3F091F8}.Debug|Any CPU.Build.0 = Debug|Any CPU
		{5BF5772D-4774-4C3F-B353-ACD2E3F091F8}.Debug|x64.ActiveCfg = Debug|Any CPU
		{5BF5772D-4774-4C3F-B353-ACD2E3F091F8}.Debug|x64.Build.0 = Debug|Any CPU
		{5BF5772D-4774-4C3F-B353-ACD2E3F091F8}.Debug|x86.ActiveCfg = Debug|Any CPU
		{5BF5772D-4774-4C3F-B353-ACD2E3F091F8}.Debug|x86.Build.0 = Debug|Any CPU
		{5BF5772D-4774-4C3F-B353-ACD2E3F091F8}.Release|Any CPU.ActiveCfg = Release|Any CPU
		{5BF5772D-4774-4C3F-B353-ACD2E3F091F8}.Release|Any CPU.Build.0 = Release|Any CPU
		{5BF5772D-4774-4C3F-B353-ACD2E3F091F8}.Release|x64.ActiveCfg = Release|Any CPU
		{5BF5772D-4774-4C3F-B353-ACD2E3F091F8}.Release|x64.Build.0 = Release|Any CPU
		{5BF5772D-4774-4C3F-B353-ACD2E3F091F8}.Release|x86.ActiveCfg = Release|Any CPU
		{5BF5772D-4774-4C3F-B353-ACD2E3F091F8}.Release|x86.Build.0 = Release|Any CPU
		{3CC1C52F-CCB0-4664-B88D-AC8524AE8C2A}.Debug|Any CPU.ActiveCfg = Debug|Any CPU
		{3CC1C52F-CCB0-4664-B88D-AC8524AE8C2A}.Debug|Any CPU.Build.0 = Debug|Any CPU
		{3CC1C52F-CCB0-4664-B88D-AC8524AE8C2A}.Debug|x64.ActiveCfg = Debug|Any CPU
		{3CC1C52F-CCB0-4664-B88D-AC8524AE8C2A}.Debug|x64.Build.0 = Debug|Any CPU
		{3CC1C52F-CCB0-4664-B88D-AC8524AE8C2A}.Debug|x86.ActiveCfg = Debug|Any CPU
		{3CC1C52F-CCB0-4664-B88D-AC8524AE8C2A}.Debug|x86.Build.0 = Debug|Any CPU
		{3CC1C52F-CCB0-4664-B88D-AC8524AE8C2A}.Release|Any CPU.ActiveCfg = Release|Any CPU
		{3CC1C52F-CCB0-4664-B88D-AC8524AE8C2A}.Release|Any CPU.Build.0 = Release|Any CPU
		{3CC1C52F-CCB0-4664-B88D-AC8524AE8C2A}.Release|x64.ActiveCfg = Release|Any CPU
		{3CC1C52F-CCB0-4664-B88D-AC8524AE8C2A}.Release|x64.Build.0 = Release|Any CPU
		{3CC1C52F-CCB0-4664-B88D-AC8524AE8C2A}.Release|x86.ActiveCfg = Release|Any CPU
		{3CC1C52F-CCB0-4664-B88D-AC8524AE8C2A}.Release|x86.Build.0 = Release|Any CPU
		{3BB1B233-5FA0-47E2-A589-51E706C650A3}.Debug|Any CPU.ActiveCfg = Debug|Any CPU
		{3BB1B233-5FA0-47E2-A589-51E706C650A3}.Debug|Any CPU.Build.0 = Debug|Any CPU
		{3BB1B233-5FA0-47E2-A589-51E706C650A3}.Debug|x64.ActiveCfg = Debug|Any CPU
		{3BB1B233-5FA0-47E2-A589-51E706C650A3}.Debug|x64.Build.0 = Debug|Any CPU
		{3BB1B233-5FA0-47E2-A589-51E706C650A3}.Debug|x86.ActiveCfg = Debug|Any CPU
		{3BB1B233-5FA0-47E2-A589-51E706C650A3}.Debug|x86.Build.0 = Debug|Any CPU
		{3BB1B233-5FA0-47E2-A589-51E706C650A3}.Release|Any CPU.ActiveCfg = Release|Any CPU
		{3BB1B233-5FA0-47E2-A589-51E706C650A3}.Release|Any CPU.Build.0 = Release|Any CPU
		{3BB1B233-5FA0-47E2-A589-51E706C650A3}.Release|x64.ActiveCfg = Release|Any CPU
		{3BB1B233-5FA0-47E2-A589-51E706C650A3}.Release|x64.Build.0 = Release|Any CPU
		{3BB1B233-5FA0-47E2-A589-51E706C650A3}.Release|x86.ActiveCfg = Release|Any CPU
		{3BB1B233-5FA0-47E2-A589-51E706C650A3}.Release|x86.Build.0 = Release|Any CPU
		{71DB1473-E3F4-49D0-926F-0B54EA7C3C73}.Debug|Any CPU.ActiveCfg = Debug|Any CPU
		{71DB1473-E3F4-49D0-926F-0B54EA7C3C73}.Debug|Any CPU.Build.0 = Debug|Any CPU
		{71DB1473-E3F4-49D0-926F-0B54EA7C3C73}.Debug|x64.ActiveCfg = Debug|Any CPU
		{71DB1473-E3F4-49D0-926F-0B54EA7C3C73}.Debug|x64.Build.0 = Debug|Any CPU
		{71DB1473-E3F4-49D0-926F-0B54EA7C3C73}.Debug|x86.ActiveCfg = Debug|Any CPU
		{71DB1473-E3F4-49D0-926F-0B54EA7C3C73}.Debug|x86.Build.0 = Debug|Any CPU
		{71DB1473-E3F4-49D0-926F-0B54EA7C3C73}.Release|Any CPU.ActiveCfg = Release|Any CPU
		{71DB1473-E3F4-49D0-926F-0B54EA7C3C73}.Release|Any CPU.Build.0 = Release|Any CPU
		{71DB1473-E3F4-49D0-926F-0B54EA7C3C73}.Release|x64.ActiveCfg = Release|Any CPU
		{71DB1473-E3F4-49D0-926F-0B54EA7C3C73}.Release|x64.Build.0 = Release|Any CPU
		{71DB1473-E3F4-49D0-926F-0B54EA7C3C73}.Release|x86.ActiveCfg = Release|Any CPU
		{71DB1473-E3F4-49D0-926F-0B54EA7C3C73}.Release|x86.Build.0 = Release|Any CPU
		{1DFD1C96-1FBA-41A8-AB29-42D21014749F}.Debug|Any CPU.ActiveCfg = Debug|Any CPU
		{1DFD1C96-1FBA-41A8-AB29-42D21014749F}.Debug|Any CPU.Build.0 = Debug|Any CPU
		{1DFD1C96-1FBA-41A8-AB29-42D21014749F}.Debug|x64.ActiveCfg = Debug|Any CPU
		{1DFD1C96-1FBA-41A8-AB29-42D21014749F}.Debug|x64.Build.0 = Debug|Any CPU
		{1DFD1C96-1FBA-41A8-AB29-42D21014749F}.Debug|x86.ActiveCfg = Debug|Any CPU
		{1DFD1C96-1FBA-41A8-AB29-42D21014749F}.Debug|x86.Build.0 = Debug|Any CPU
		{1DFD1C96-1FBA-41A8-AB29-42D21014749F}.Release|Any CPU.ActiveCfg = Release|Any CPU
		{1DFD1C96-1FBA-41A8-AB29-42D21014749F}.Release|Any CPU.Build.0 = Release|Any CPU
		{1DFD1C96-1FBA-41A8-AB29-42D21014749F}.Release|x64.ActiveCfg = Release|Any CPU
		{1DFD1C96-1FBA-41A8-AB29-42D21014749F}.Release|x64.Build.0 = Release|Any CPU
		{1DFD1C96-1FBA-41A8-AB29-42D21014749F}.Release|x86.ActiveCfg = Release|Any CPU
		{1DFD1C96-1FBA-41A8-AB29-42D21014749F}.Release|x86.Build.0 = Release|Any CPU
		{F2DF1400-07B2-4011-8851-7D1766A979BD}.Debug|Any CPU.ActiveCfg = Debug|Any CPU
		{F2DF1400-07B2-4011-8851-7D1766A979BD}.Debug|Any CPU.Build.0 = Debug|Any CPU
		{F2DF1400-07B2-4011-8851-7D1766A979BD}.Debug|x64.ActiveCfg = Debug|Any CPU
		{F2DF1400-07B2-4011-8851-7D1766A979BD}.Debug|x64.Build.0 = Debug|Any CPU
		{F2DF1400-07B2-4011-8851-7D1766A979BD}.Debug|x86.ActiveCfg = Debug|Any CPU
		{F2DF1400-07B2-4011-8851-7D1766A979BD}.Debug|x86.Build.0 = Debug|Any CPU
		{F2DF1400-07B2-4011-8851-7D1766A979BD}.Release|Any CPU.ActiveCfg = Release|Any CPU
		{F2DF1400-07B2-4011-8851-7D1766A979BD}.Release|Any CPU.Build.0 = Release|Any CPU
		{F2DF1400-07B2-4011-8851-7D1766A979BD}.Release|x64.ActiveCfg = Release|Any CPU
		{F2DF1400-07B2-4011-8851-7D1766A979BD}.Release|x64.Build.0 = Release|Any CPU
		{F2DF1400-07B2-4011-8851-7D1766A979BD}.Release|x86.ActiveCfg = Release|Any CPU
		{F2DF1400-07B2-4011-8851-7D1766A979BD}.Release|x86.Build.0 = Release|Any CPU
		{E104CB38-E858-4F43-9BCF-CFE749FAA97A}.Debug|Any CPU.ActiveCfg = Debug|Any CPU
		{E104CB38-E858-4F43-9BCF-CFE749FAA97A}.Debug|Any CPU.Build.0 = Debug|Any CPU
		{E104CB38-E858-4F43-9BCF-CFE749FAA97A}.Debug|x64.ActiveCfg = Debug|Any CPU
		{E104CB38-E858-4F43-9BCF-CFE749FAA97A}.Debug|x64.Build.0 = Debug|Any CPU
		{E104CB38-E858-4F43-9BCF-CFE749FAA97A}.Debug|x86.ActiveCfg = Debug|Any CPU
		{E104CB38-E858-4F43-9BCF-CFE749FAA97A}.Debug|x86.Build.0 = Debug|Any CPU
		{E104CB38-E858-4F43-9BCF-CFE749FAA97A}.Release|Any CPU.ActiveCfg = Release|Any CPU
		{E104CB38-E858-4F43-9BCF-CFE749FAA97A}.Release|Any CPU.Build.0 = Release|Any CPU
		{E104CB38-E858-4F43-9BCF-CFE749FAA97A}.Release|x64.ActiveCfg = Release|Any CPU
		{E104CB38-E858-4F43-9BCF-CFE749FAA97A}.Release|x64.Build.0 = Release|Any CPU
		{E104CB38-E858-4F43-9BCF-CFE749FAA97A}.Release|x86.ActiveCfg = Release|Any CPU
		{E104CB38-E858-4F43-9BCF-CFE749FAA97A}.Release|x86.Build.0 = Release|Any CPU
		{1D5280E0-A26A-41F7-8463-D59FCCDD7361}.Debug|Any CPU.ActiveCfg = Debug|Any CPU
		{1D5280E0-A26A-41F7-8463-D59FCCDD7361}.Debug|Any CPU.Build.0 = Debug|Any CPU
		{1D5280E0-A26A-41F7-8463-D59FCCDD7361}.Debug|x64.ActiveCfg = Debug|Any CPU
		{1D5280E0-A26A-41F7-8463-D59FCCDD7361}.Debug|x64.Build.0 = Debug|Any CPU
		{1D5280E0-A26A-41F7-8463-D59FCCDD7361}.Debug|x86.ActiveCfg = Debug|Any CPU
		{1D5280E0-A26A-41F7-8463-D59FCCDD7361}.Debug|x86.Build.0 = Debug|Any CPU
		{1D5280E0-A26A-41F7-8463-D59FCCDD7361}.Release|Any CPU.ActiveCfg = Release|Any CPU
		{1D5280E0-A26A-41F7-8463-D59FCCDD7361}.Release|Any CPU.Build.0 = Release|Any CPU
		{1D5280E0-A26A-41F7-8463-D59FCCDD7361}.Release|x64.ActiveCfg = Release|Any CPU
		{1D5280E0-A26A-41F7-8463-D59FCCDD7361}.Release|x64.Build.0 = Release|Any CPU
		{1D5280E0-A26A-41F7-8463-D59FCCDD7361}.Release|x86.ActiveCfg = Release|Any CPU
		{1D5280E0-A26A-41F7-8463-D59FCCDD7361}.Release|x86.Build.0 = Release|Any CPU
	EndGlobalSection
	GlobalSection(SolutionProperties) = preSolution
		HideSolutionNode = FALSE
	EndGlobalSection
	GlobalSection(NestedProjects) = preSolution
		{6D0F365C-23A7-4B1E-A877-2BC33A2CAB9B} = {827E0CD3-B72D-47B6-A68D-7590B98EB39B}
		{A2949C14-B3DB-4BB7-BDFA-606CCD5E994C} = {827E0CD3-B72D-47B6-A68D-7590B98EB39B}
		{3FA0A5E8-9C17-4A81-8DD6-CF6F01D74DD4} = {827E0CD3-B72D-47B6-A68D-7590B98EB39B}
		{5BF5772D-4774-4C3F-B353-ACD2E3F091F8} = {827E0CD3-B72D-47B6-A68D-7590B98EB39B}
		{3CC1C52F-CCB0-4664-B88D-AC8524AE8C2A} = {827E0CD3-B72D-47B6-A68D-7590B98EB39B}
		{3BB1B233-5FA0-47E2-A589-51E706C650A3} = {827E0CD3-B72D-47B6-A68D-7590B98EB39B}
		{71DB1473-E3F4-49D0-926F-0B54EA7C3C73} = {0AB3BF05-4346-4AA6-1389-037BE0695223}
		{1DFD1C96-1FBA-41A8-AB29-42D21014749F} = {0AB3BF05-4346-4AA6-1389-037BE0695223}
		{F2DF1400-07B2-4011-8851-7D1766A979BD} = {0AB3BF05-4346-4AA6-1389-037BE0695223}
		{E104CB38-E858-4F43-9BCF-CFE749FAA97A} = {0AB3BF05-4346-4AA6-1389-037BE0695223}
		{1D5280E0-A26A-41F7-8463-D59FCCDD7361} = {0AB3BF05-4346-4AA6-1389-037BE0695223}
	EndGlobalSection
EndGlobal
